// !$*UTF8*$!
{
	archiveVersion = 1;
	classes = {
	};
	objectVersion = 50;
	objects = {

/* Begin PBXBuildFile section */
		A31C005822EADBE0008B4582 /* DurationMeasurementUnit.swift in Sources */ = {isa = PBXBuildFile; fileRef = A31C005722EADBE0008B4582 /* DurationMeasurementUnit.swift */; };
		A31C005E22EB6446008B4582 /* BinaryDataUnit.swift in Sources */ = {isa = PBXBuildFile; fileRef = A31C005D22EB6446008B4582 /* BinaryDataUnit.swift */; };
		A31C007422EB6D53008B4582 /* PluralizableString.swift in Sources */ = {isa = PBXBuildFile; fileRef = A31C007322EB6D53008B4582 /* PluralizableString.swift */; };
		A31C007622EB7318008B4582 /* Indexed Higher-Order Functions.swift in Sources */ = {isa = PBXBuildFile; fileRef = A31C007522EB7318008B4582 /* Indexed Higher-Order Functions.swift */; };
		A31C007A22EBC2D7008B4582 /* JSON utilties.swift in Sources */ = {isa = PBXBuildFile; fileRef = A31C007922EBC2D6008B4582 /* JSON utilties.swift */; };
		A31C007E22EBD98E008B4582 /* UserPreferences+SwiftUI.swift in Sources */ = {isa = PBXBuildFile; fileRef = A31C007D22EBD98E008B4582 /* UserPreferences+SwiftUI.swift */; };
		A31C008222EBDF0D008B4582 /* IdentifiableOnlyIfUsingSwiftUI.swift in Sources */ = {isa = PBXBuildFile; fileRef = A31C008122EBDF0D008B4582 /* IdentifiableOnlyIfUsingSwiftUI.swift */; };
		A3313E7D22FA7E1E00E52342 /* Prefab Functions.swift in Sources */ = {isa = PBXBuildFile; fileRef = A3313E7C22FA7E1E00E52342 /* Prefab Functions.swift */; };
		A35ECE6522F662C50057B449 /* Bool Extensions.swift in Sources */ = {isa = PBXBuildFile; fileRef = A35ECE6422F662C50057B449 /* Bool Extensions.swift */; };
		A370A03822DFE7820097FFAD /* JanitorKit.framework in Frameworks */ = {isa = PBXBuildFile; fileRef = A370A02E22DFE7820097FFAD /* JanitorKit.framework */; };
		A38014122307D4BB0063D5D3 /* Collection Extensions.swift in Sources */ = {isa = PBXBuildFile; fileRef = A38014112307D4BB0063D5D3 /* Collection Extensions.swift */; };
		A38014142307E3030063D5D3 /* Set Extensions.swift in Sources */ = {isa = PBXBuildFile; fileRef = A38014132307E3030063D5D3 /* Set Extensions.swift */; };
		A384846622ED9A460012113E /* Array Extensions.swift in Sources */ = {isa = PBXBuildFile; fileRef = A384846522ED9A460012113E /* Array Extensions.swift */; };
		A39E571E22EABF2200B416C4 /* MeasurementUnit.swift in Sources */ = {isa = PBXBuildFile; fileRef = A39E571D22EABF2200B416C4 /* MeasurementUnit.swift */; };
		A39E572022EAC08900B416C4 /* Measurement.swift in Sources */ = {isa = PBXBuildFile; fileRef = A39E571F22EAC08900B416C4 /* Measurement.swift */; };
		A39EC54622F6D91A00D8015F /* Callback Return Type.swift in Sources */ = {isa = PBXBuildFile; fileRef = A39EC54522F6D91A00D8015F /* Callback Return Type.swift */; };
		A39EC54822F6E14500D8015F /* Generator.swift in Sources */ = {isa = PBXBuildFile; fileRef = A39EC54722F6E14500D8015F /* Generator.swift */; };
		A3C1569322EE9177009A3314 /* Semantic Typealiases.swift in Sources */ = {isa = PBXBuildFile; fileRef = A3C1569222EE9177009A3314 /* Semantic Typealiases.swift */; };
		A3C1569522EEA14B009A3314 /* Pointer.swift in Sources */ = {isa = PBXBuildFile; fileRef = A3C1569422EEA14B009A3314 /* Pointer.swift */; };
		A3C1569722EFE343009A3314 /* BoundPointer.swift in Sources */ = {isa = PBXBuildFile; fileRef = A3C1569622EFE342009A3314 /* BoundPointer.swift */; };
		A3CDF49F22F62D65002ECFBA /* JanitorialEngine.swift in Sources */ = {isa = PBXBuildFile; fileRef = A3CDF49E22F62D65002ECFBA /* JanitorialEngine.swift */; };
		A3CDF4A122F631CC002ECFBA /* Black Holes.swift in Sources */ = {isa = PBXBuildFile; fileRef = A3CDF4A022F631CC002ECFBA /* Black Holes.swift */; };
		A3CDF4A322F64016002ECFBA /* Directory Analysis.swift in Sources */ = {isa = PBXBuildFile; fileRef = A3CDF4A222F64016002ECFBA /* Directory Analysis.swift */; };
		A3CDF4A522F64093002ECFBA /* URL Extensions.swift in Sources */ = {isa = PBXBuildFile; fileRef = A3CDF4A422F64093002ECFBA /* URL Extensions.swift */; };
		A3CDF4A722F64576002ECFBA /* AnnotatedFile.swift in Sources */ = {isa = PBXBuildFile; fileRef = A3CDF4A622F64576002ECFBA /* AnnotatedFile.swift */; };
		A3D4791C22E223F700F83308 /* TrackedDirectory.swift in Sources */ = {isa = PBXBuildFile; fileRef = A3D4791B22E223F700F83308 /* TrackedDirectory.swift */; };
		A3D4792822E2499400F83308 /* UserDefault.swift in Sources */ = {isa = PBXBuildFile; fileRef = A3D4792722E2499400F83308 /* UserDefault.swift */; };
		A3D4792922E24EA300F83308 /* UserPreferences.swift in Sources */ = {isa = PBXBuildFile; fileRef = A3D4792622E2498600F83308 /* UserPreferences.swift */; };
		A3D4792B22E2577100F83308 /* AgeTests.swift in Sources */ = {isa = PBXBuildFile; fileRef = A3D4792A22E2577100F83308 /* AgeTests.swift */; };
		A3D4793022E2593A00F83308 /* Unit Conversion.swift in Sources */ = {isa = PBXBuildFile; fileRef = A3D4792F22E2582800F83308 /* Unit Conversion.swift */; };
		A3D4793122E2594C00F83308 /* DataSize.swift in Sources */ = {isa = PBXBuildFile; fileRef = A3D4792E22E2582800F83308 /* DataSize.swift */; };
		A3D4793222E2594F00F83308 /* Age.swift in Sources */ = {isa = PBXBuildFile; fileRef = A3D4792D22E2582800F83308 /* Age.swift */; };
		A3F3784122E11E1E00642A90 /* URL Constants.swift in Sources */ = {isa = PBXBuildFile; fileRef = A3F3784022E11E1E00642A90 /* URL Constants.swift */; };
		A3F3784322E11FCE00642A90 /* URL Operators.swift in Sources */ = {isa = PBXBuildFile; fileRef = A3F3784222E11FCE00642A90 /* URL Operators.swift */; };
/* End PBXBuildFile section */

/* Begin PBXContainerItemProxy section */
		A370A03922DFE7820097FFAD /* PBXContainerItemProxy */ = {
			isa = PBXContainerItemProxy;
			containerPortal = A370A02522DFE7820097FFAD /* Project object */;
			proxyType = 1;
			remoteGlobalIDString = A370A02D22DFE7820097FFAD;
			remoteInfo = JanitorKit;
		};
/* End PBXContainerItemProxy section */

/* Begin PBXFileReference section */
		A31C005722EADBE0008B4582 /* DurationMeasurementUnit.swift */ = {isa = PBXFileReference; lastKnownFileType = sourcecode.swift; path = DurationMeasurementUnit.swift; sourceTree = "<group>"; };
		A31C005D22EB6446008B4582 /* BinaryDataUnit.swift */ = {isa = PBXFileReference; lastKnownFileType = sourcecode.swift; path = BinaryDataUnit.swift; sourceTree = "<group>"; };
		A31C007322EB6D53008B4582 /* PluralizableString.swift */ = {isa = PBXFileReference; lastKnownFileType = sourcecode.swift; path = PluralizableString.swift; sourceTree = "<group>"; };
		A31C007522EB7318008B4582 /* Indexed Higher-Order Functions.swift */ = {isa = PBXFileReference; lastKnownFileType = sourcecode.swift; path = "Indexed Higher-Order Functions.swift"; sourceTree = "<group>"; };
		A31C007922EBC2D6008B4582 /* JSON utilties.swift */ = {isa = PBXFileReference; lastKnownFileType = sourcecode.swift; path = "JSON utilties.swift"; sourceTree = "<group>"; };
		A31C007D22EBD98E008B4582 /* UserPreferences+SwiftUI.swift */ = {isa = PBXFileReference; lastKnownFileType = sourcecode.swift; path = "UserPreferences+SwiftUI.swift"; sourceTree = "<group>"; };
		A31C008122EBDF0D008B4582 /* IdentifiableOnlyIfUsingSwiftUI.swift */ = {isa = PBXFileReference; lastKnownFileType = sourcecode.swift; path = IdentifiableOnlyIfUsingSwiftUI.swift; sourceTree = "<group>"; };
		A3313E7C22FA7E1E00E52342 /* Prefab Functions.swift */ = {isa = PBXFileReference; lastKnownFileType = sourcecode.swift; path = "Prefab Functions.swift"; sourceTree = "<group>"; };
		A35ECE6422F662C50057B449 /* Bool Extensions.swift */ = {isa = PBXFileReference; lastKnownFileType = sourcecode.swift; path = "Bool Extensions.swift"; sourceTree = "<group>"; };
		A370A02E22DFE7820097FFAD /* JanitorKit.framework */ = {isa = PBXFileReference; explicitFileType = wrapper.framework; includeInIndex = 0; path = JanitorKit.framework; sourceTree = BUILT_PRODUCTS_DIR; };
		A370A03222DFE7820097FFAD /* Info.plist */ = {isa = PBXFileReference; lastKnownFileType = text.plist.xml; path = Info.plist; sourceTree = "<group>"; };
		A370A03722DFE7820097FFAD /* JanitorKitTests.xctest */ = {isa = PBXFileReference; explicitFileType = wrapper.cfbundle; includeInIndex = 0; path = JanitorKitTests.xctest; sourceTree = BUILT_PRODUCTS_DIR; };
		A370A03E22DFE7820097FFAD /* Info.plist */ = {isa = PBXFileReference; lastKnownFileType = text.plist.xml; path = Info.plist; sourceTree = "<group>"; };
		A38014112307D4BB0063D5D3 /* Collection Extensions.swift */ = {isa = PBXFileReference; lastKnownFileType = sourcecode.swift; path = "Collection Extensions.swift"; sourceTree = "<group>"; };
		A38014132307E3030063D5D3 /* Set Extensions.swift */ = {isa = PBXFileReference; lastKnownFileType = sourcecode.swift; path = "Set Extensions.swift"; sourceTree = "<group>"; };
		A384846522ED9A460012113E /* Array Extensions.swift */ = {isa = PBXFileReference; lastKnownFileType = sourcecode.swift; path = "Array Extensions.swift"; sourceTree = "<group>"; };
		A39E571D22EABF2200B416C4 /* MeasurementUnit.swift */ = {isa = PBXFileReference; fileEncoding = 4; lastKnownFileType = sourcecode.swift; path = MeasurementUnit.swift; sourceTree = "<group>"; };
		A39E571F22EAC08900B416C4 /* Measurement.swift */ = {isa = PBXFileReference; lastKnownFileType = sourcecode.swift; path = Measurement.swift; sourceTree = "<group>"; };
		A39EC54522F6D91A00D8015F /* Callback Return Type.swift */ = {isa = PBXFileReference; lastKnownFileType = sourcecode.swift; path = "Callback Return Type.swift"; sourceTree = "<group>"; };
		A39EC54722F6E14500D8015F /* Generator.swift */ = {isa = PBXFileReference; lastKnownFileType = sourcecode.swift; path = Generator.swift; sourceTree = "<group>"; };
		A3C1569222EE9177009A3314 /* Semantic Typealiases.swift */ = {isa = PBXFileReference; lastKnownFileType = sourcecode.swift; path = "Semantic Typealiases.swift"; sourceTree = "<group>"; };
		A3C1569422EEA14B009A3314 /* Pointer.swift */ = {isa = PBXFileReference; lastKnownFileType = sourcecode.swift; path = Pointer.swift; sourceTree = "<group>"; };
		A3C1569622EFE342009A3314 /* BoundPointer.swift */ = {isa = PBXFileReference; lastKnownFileType = sourcecode.swift; path = BoundPointer.swift; sourceTree = "<group>"; };
		A3CDF49E22F62D65002ECFBA /* JanitorialEngine.swift */ = {isa = PBXFileReference; lastKnownFileType = sourcecode.swift; path = JanitorialEngine.swift; sourceTree = "<group>"; };
		A3CDF4A022F631CC002ECFBA /* Black Holes.swift */ = {isa = PBXFileReference; lastKnownFileType = sourcecode.swift; path = "Black Holes.swift"; sourceTree = "<group>"; };
		A3CDF4A222F64016002ECFBA /* Directory Analysis.swift */ = {isa = PBXFileReference; lastKnownFileType = sourcecode.swift; path = "Directory Analysis.swift"; sourceTree = "<group>"; };
		A3CDF4A422F64093002ECFBA /* URL Extensions.swift */ = {isa = PBXFileReference; lastKnownFileType = sourcecode.swift; path = "URL Extensions.swift"; sourceTree = "<group>"; };
		A3CDF4A622F64576002ECFBA /* AnnotatedFile.swift */ = {isa = PBXFileReference; lastKnownFileType = sourcecode.swift; path = AnnotatedFile.swift; sourceTree = "<group>"; };
		A3D4791B22E223F700F83308 /* TrackedDirectory.swift */ = {isa = PBXFileReference; fileEncoding = 4; lastKnownFileType = sourcecode.swift; path = TrackedDirectory.swift; sourceTree = "<group>"; };
		A3D4792622E2498600F83308 /* UserPreferences.swift */ = {isa = PBXFileReference; lastKnownFileType = sourcecode.swift; path = UserPreferences.swift; sourceTree = "<group>"; };
		A3D4792722E2499400F83308 /* UserDefault.swift */ = {isa = PBXFileReference; lastKnownFileType = sourcecode.swift; path = UserDefault.swift; sourceTree = "<group>"; };
		A3D4792A22E2577100F83308 /* AgeTests.swift */ = {isa = PBXFileReference; lastKnownFileType = sourcecode.swift; name = AgeTests.swift; path = "../../../../../../../../../System/Volumes/Data/Users/benleggiero/Google Drive/Libraries/Projects/From Me/Janitor/JanitorKit/JanitorKitTests/AgeTests.swift"; sourceTree = "<group>"; };
		A3D4792D22E2582800F83308 /* Age.swift */ = {isa = PBXFileReference; lastKnownFileType = sourcecode.swift; path = Age.swift; sourceTree = "<group>"; };
		A3D4792E22E2582800F83308 /* DataSize.swift */ = {isa = PBXFileReference; lastKnownFileType = sourcecode.swift; path = DataSize.swift; sourceTree = "<group>"; };
		A3D4792F22E2582800F83308 /* Unit Conversion.swift */ = {isa = PBXFileReference; lastKnownFileType = sourcecode.swift; path = "Unit Conversion.swift"; sourceTree = "<group>"; };
		A3F3784022E11E1E00642A90 /* URL Constants.swift */ = {isa = PBXFileReference; lastKnownFileType = sourcecode.swift; path = "URL Constants.swift"; sourceTree = "<group>"; };
		A3F3784222E11FCE00642A90 /* URL Operators.swift */ = {isa = PBXFileReference; lastKnownFileType = sourcecode.swift; path = "URL Operators.swift"; sourceTree = "<group>"; };
/* End PBXFileReference section */

/* Begin PBXFrameworksBuildPhase section */
		A370A02B22DFE7820097FFAD /* Frameworks */ = {
			isa = PBXFrameworksBuildPhase;
			buildActionMask = 2147483647;
			files = (
			);
			runOnlyForDeploymentPostprocessing = 0;
		};
		A370A03422DFE7820097FFAD /* Frameworks */ = {
			isa = PBXFrameworksBuildPhase;
			buildActionMask = 2147483647;
			files = (
				A370A03822DFE7820097FFAD /* JanitorKit.framework in Frameworks */,
			);
			runOnlyForDeploymentPostprocessing = 0;
		};
/* End PBXFrameworksBuildPhase section */

/* Begin PBXGroup section */
		A31C005922EB6429008B4582 /* Measurement Unit Framework */ = {
			isa = PBXGroup;
			children = (
				A3D4792D22E2582800F83308 /* Age.swift */,
				A39E571D22EABF2200B416C4 /* MeasurementUnit.swift */,
				A39E571F22EAC08900B416C4 /* Measurement.swift */,
				A31C005722EADBE0008B4582 /* DurationMeasurementUnit.swift */,
				A3D4792E22E2582800F83308 /* DataSize.swift */,
				A31C005D22EB6446008B4582 /* BinaryDataUnit.swift */,
				A3D4792F22E2582800F83308 /* Unit Conversion.swift */,
			);
			path = "Measurement Unit Framework";
			sourceTree = "<group>";
		};
		A31C007222EB6D48008B4582 /* General */ = {
			isa = PBXGroup;
			children = (
				A3A409B923147CEA003D4B35 /* Functional */,
				A384846522ED9A460012113E /* Array Extensions.swift */,
				A35ECE6422F662C50057B449 /* Bool Extensions.swift */,
				A3C1569622EFE342009A3314 /* BoundPointer.swift */,
				A38014112307D4BB0063D5D3 /* Collection Extensions.swift */,
				A31C008122EBDF0D008B4582 /* IdentifiableOnlyIfUsingSwiftUI.swift */,
				A31C007522EB7318008B4582 /* Indexed Higher-Order Functions.swift */,
				A31C007322EB6D53008B4582 /* PluralizableString.swift */,
				A3C1569422EEA14B009A3314 /* Pointer.swift */,
				A38014132307E3030063D5D3 /* Set Extensions.swift */,
				A3C1569222EE9177009A3314 /* Semantic Typealiases.swift */,
				A3F3784022E11E1E00642A90 /* URL Constants.swift */,
				A3CDF4A422F64093002ECFBA /* URL Extensions.swift */,
				A3F3784222E11FCE00642A90 /* URL Operators.swift */,
			);
			path = General;
			sourceTree = "<group>";
		};
		A370A02422DFE7820097FFAD = {
			isa = PBXGroup;
			children = (
				A370A03022DFE7820097FFAD /* JanitorKit */,
				A370A03B22DFE7820097FFAD /* JanitorKitTests */,
				A370A02F22DFE7820097FFAD /* Products */,
			);
			sourceTree = "<group>";
		};
		A370A02F22DFE7820097FFAD /* Products */ = {
			isa = PBXGroup;
			children = (
				A370A02E22DFE7820097FFAD /* JanitorKit.framework */,
				A370A03722DFE7820097FFAD /* JanitorKitTests.xctest */,
			);
			name = Products;
			sourceTree = "<group>";
		};
		A370A03022DFE7820097FFAD /* JanitorKit */ = {
			isa = PBXGroup;
			children = (
				A31C007222EB6D48008B4582 /* General */,
				A3CDF49922F62B46002ECFBA /* Janitorial Duties */,
				A3CDF49D22F62C8A002ECFBA /* Janitorial Engine */,
				A31C005922EB6429008B4582 /* Measurement Unit Framework */,
				A3CDF49A22F62B4E002ECFBA /* Meta Info */,
				A3D4792522E2498600F83308 /* Serialization */,
			);
			path = JanitorKit;
			sourceTree = "<group>";
		};
		A370A03B22DFE7820097FFAD /* JanitorKitTests */ = {
			isa = PBXGroup;
			children = (
				A3D4792A22E2577100F83308 /* AgeTests.swift */,
				A370A03E22DFE7820097FFAD /* Info.plist */,
			);
			path = JanitorKitTests;
			sourceTree = "<group>";
		};
		A3A409B923147CEA003D4B35 /* Functional */ = {
			isa = PBXGroup;
			children = (
				A3CDF4A022F631CC002ECFBA /* Black Holes.swift */,
				A39EC54522F6D91A00D8015F /* Callback Return Type.swift */,
				A39EC54722F6E14500D8015F /* Generator.swift */,
				A3313E7C22FA7E1E00E52342 /* Prefab Functions.swift */,
			);
			path = Functional;
			sourceTree = "<group>";
		};
		A3CDF49922F62B46002ECFBA /* Janitorial Duties */ = {
			isa = PBXGroup;
			children = (
				A3D4791B22E223F700F83308 /* TrackedDirectory.swift */,
			);
			path = "Janitorial Duties";
			sourceTree = "<group>";
		};
		A3CDF49A22F62B4E002ECFBA /* Meta Info */ = {
			isa = PBXGroup;
			children = (
				A370A03222DFE7820097FFAD /* Info.plist */,
			);
			name = "Meta Info";
			sourceTree = "<group>";
		};
		A3CDF49D22F62C8A002ECFBA /* Janitorial Engine */ = {
			isa = PBXGroup;
			children = (
				A3CDF49E22F62D65002ECFBA /* JanitorialEngine.swift */,
				A3CDF4A222F64016002ECFBA /* Directory Analysis.swift */,
				A3CDF4A622F64576002ECFBA /* AnnotatedFile.swift */,
			);
			path = "Janitorial Engine";
			sourceTree = "<group>";
		};
		A3D4792522E2498600F83308 /* Serialization */ = {
			isa = PBXGroup;
			children = (
				A3D4792622E2498600F83308 /* UserPreferences.swift */,
				A31C007D22EBD98E008B4582 /* UserPreferences+SwiftUI.swift */,
				A3D4792722E2499400F83308 /* UserDefault.swift */,
				A31C007922EBC2D6008B4582 /* JSON utilties.swift */,
			);
			path = Serialization;
			sourceTree = "<group>";
		};
/* End PBXGroup section */

/* Begin PBXHeadersBuildPhase section */
		A370A02922DFE7820097FFAD /* Headers */ = {
			isa = PBXHeadersBuildPhase;
			buildActionMask = 2147483647;
			files = (
			);
			runOnlyForDeploymentPostprocessing = 0;
		};
/* End PBXHeadersBuildPhase section */

/* Begin PBXNativeTarget section */
		A370A02D22DFE7820097FFAD /* JanitorKit */ = {
			isa = PBXNativeTarget;
			buildConfigurationList = A370A04222DFE7820097FFAD /* Build configuration list for PBXNativeTarget "JanitorKit" */;
			buildPhases = (
				A370A02922DFE7820097FFAD /* Headers */,
				A370A02A22DFE7820097FFAD /* Sources */,
				A370A02B22DFE7820097FFAD /* Frameworks */,
				A370A02C22DFE7820097FFAD /* Resources */,
			);
			buildRules = (
			);
			dependencies = (
			);
			name = JanitorKit;
			productName = JanitorKit;
			productReference = A370A02E22DFE7820097FFAD /* JanitorKit.framework */;
			productType = "com.apple.product-type.framework";
		};
		A370A03622DFE7820097FFAD /* JanitorKitTests */ = {
			isa = PBXNativeTarget;
			buildConfigurationList = A370A04522DFE7820097FFAD /* Build configuration list for PBXNativeTarget "JanitorKitTests" */;
			buildPhases = (
				A370A03322DFE7820097FFAD /* Sources */,
				A370A03422DFE7820097FFAD /* Frameworks */,
				A370A03522DFE7820097FFAD /* Resources */,
			);
			buildRules = (
			);
			dependencies = (
				A370A03A22DFE7820097FFAD /* PBXTargetDependency */,
			);
			name = JanitorKitTests;
			productName = JanitorKitTests;
			productReference = A370A03722DFE7820097FFAD /* JanitorKitTests.xctest */;
			productType = "com.apple.product-type.bundle.unit-test";
		};
/* End PBXNativeTarget section */

/* Begin PBXProject section */
		A370A02522DFE7820097FFAD /* Project object */ = {
			isa = PBXProject;
			attributes = {
				LastSwiftUpdateCheck = 1100;
				LastUpgradeCheck = 1100;
				ORGANIZATIONNAME = "Ben Leggiero";
				TargetAttributes = {
					A370A02D22DFE7820097FFAD = {
						CreatedOnToolsVersion = 11.0;
						LastSwiftMigration = 1100;
					};
					A370A03622DFE7820097FFAD = {
						CreatedOnToolsVersion = 11.0;
					};
				};
			};
			buildConfigurationList = A370A02822DFE7820097FFAD /* Build configuration list for PBXProject "JanitorKit" */;
			compatibilityVersion = "Xcode 9.3";
			developmentRegion = en;
			hasScannedForEncodings = 0;
			knownRegions = (
				en,
				Base,
			);
			mainGroup = A370A02422DFE7820097FFAD;
			productRefGroup = A370A02F22DFE7820097FFAD /* Products */;
			projectDirPath = "";
			projectRoot = "";
			targets = (
				A370A02D22DFE7820097FFAD /* JanitorKit */,
				A370A03622DFE7820097FFAD /* JanitorKitTests */,
			);
		};
/* End PBXProject section */

/* Begin PBXResourcesBuildPhase section */
		A370A02C22DFE7820097FFAD /* Resources */ = {
			isa = PBXResourcesBuildPhase;
			buildActionMask = 2147483647;
			files = (
			);
			runOnlyForDeploymentPostprocessing = 0;
		};
		A370A03522DFE7820097FFAD /* Resources */ = {
			isa = PBXResourcesBuildPhase;
			buildActionMask = 2147483647;
			files = (
			);
			runOnlyForDeploymentPostprocessing = 0;
		};
/* End PBXResourcesBuildPhase section */

/* Begin PBXSourcesBuildPhase section */
		A370A02A22DFE7820097FFAD /* Sources */ = {
			isa = PBXSourcesBuildPhase;
			buildActionMask = 2147483647;
			files = (
				A35ECE6522F662C50057B449 /* Bool Extensions.swift in Sources */,
				A31C007422EB6D53008B4582 /* PluralizableString.swift in Sources */,
				A3C1569322EE9177009A3314 /* Semantic Typealiases.swift in Sources */,
				A3D4792822E2499400F83308 /* UserDefault.swift in Sources */,
				A3D4793222E2594F00F83308 /* Age.swift in Sources */,
				A39E572022EAC08900B416C4 /* Measurement.swift in Sources */,
				A3C1569722EFE343009A3314 /* BoundPointer.swift in Sources */,
				A3CDF4A722F64576002ECFBA /* AnnotatedFile.swift in Sources */,
				A3D4791C22E223F700F83308 /* TrackedDirectory.swift in Sources */,
				A3CDF4A522F64093002ECFBA /* URL Extensions.swift in Sources */,
				A384846622ED9A460012113E /* Array Extensions.swift in Sources */,
				A38014142307E3030063D5D3 /* Set Extensions.swift in Sources */,
				A31C007E22EBD98E008B4582 /* UserPreferences+SwiftUI.swift in Sources */,
				A3F3784322E11FCE00642A90 /* URL Operators.swift in Sources */,
				A3CDF49F22F62D65002ECFBA /* JanitorialEngine.swift in Sources */,
				A39E571E22EABF2200B416C4 /* MeasurementUnit.swift in Sources */,
				A3CDF4A322F64016002ECFBA /* Directory Analysis.swift in Sources */,
				A39EC54622F6D91A00D8015F /* Callback Return Type.swift in Sources */,
				A31C007622EB7318008B4582 /* Indexed Higher-Order Functions.swift in Sources */,
				A3D4792922E24EA300F83308 /* UserPreferences.swift in Sources */,
				A39EC54822F6E14500D8015F /* Generator.swift in Sources */,
				A31C007A22EBC2D7008B4582 /* JSON utilties.swift in Sources */,
				A31C005822EADBE0008B4582 /* DurationMeasurementUnit.swift in Sources */,
				A38014122307D4BB0063D5D3 /* Collection Extensions.swift in Sources */,
				A3D4793122E2594C00F83308 /* DataSize.swift in Sources */,
				A31C008222EBDF0D008B4582 /* IdentifiableOnlyIfUsingSwiftUI.swift in Sources */,
				A3D4793022E2593A00F83308 /* Unit Conversion.swift in Sources */,
				A31C005E22EB6446008B4582 /* BinaryDataUnit.swift in Sources */,
				A3313E7D22FA7E1E00E52342 /* Prefab Functions.swift in Sources */,
				A3F3784122E11E1E00642A90 /* URL Constants.swift in Sources */,
				A3C1569522EEA14B009A3314 /* Pointer.swift in Sources */,
				A3CDF4A122F631CC002ECFBA /* Black Holes.swift in Sources */,
			);
			runOnlyForDeploymentPostprocessing = 0;
		};
		A370A03322DFE7820097FFAD /* Sources */ = {
			isa = PBXSourcesBuildPhase;
			buildActionMask = 2147483647;
			files = (
				A3D4792B22E2577100F83308 /* AgeTests.swift in Sources */,
			);
			runOnlyForDeploymentPostprocessing = 0;
		};
/* End PBXSourcesBuildPhase section */

/* Begin PBXTargetDependency section */
		A370A03A22DFE7820097FFAD /* PBXTargetDependency */ = {
			isa = PBXTargetDependency;
			target = A370A02D22DFE7820097FFAD /* JanitorKit */;
			targetProxy = A370A03922DFE7820097FFAD /* PBXContainerItemProxy */;
		};
/* End PBXTargetDependency section */

/* Begin XCBuildConfiguration section */
		A370A04022DFE7820097FFAD /* Debug */ = {
			isa = XCBuildConfiguration;
			buildSettings = {
				ALWAYS_SEARCH_USER_PATHS = NO;
				CLANG_ANALYZER_NONNULL = YES;
				CLANG_ANALYZER_NUMBER_OBJECT_CONVERSION = YES_AGGRESSIVE;
				CLANG_CXX_LANGUAGE_STANDARD = "gnu++14";
				CLANG_CXX_LIBRARY = "libc++";
				CLANG_ENABLE_OBJC_ARC = YES;
				CLANG_ENABLE_OBJC_WEAK = YES;
				CLANG_WARN_BLOCK_CAPTURE_AUTORELEASING = YES;
				CLANG_WARN_BOOL_CONVERSION = YES;
				CLANG_WARN_COMMA = YES;
				CLANG_WARN_CONSTANT_CONVERSION = YES;
				CLANG_WARN_DEPRECATED_OBJC_IMPLEMENTATIONS = YES;
				CLANG_WARN_DIRECT_OBJC_ISA_USAGE = YES_ERROR;
				CLANG_WARN_DOCUMENTATION_COMMENTS = YES;
				CLANG_WARN_EMPTY_BODY = YES;
				CLANG_WARN_ENUM_CONVERSION = YES;
				CLANG_WARN_INFINITE_RECURSION = YES;
				CLANG_WARN_INT_CONVERSION = YES;
				CLANG_WARN_NON_LITERAL_NULL_CONVERSION = YES;
				CLANG_WARN_OBJC_IMPLICIT_RETAIN_SELF = YES;
				CLANG_WARN_OBJC_LITERAL_CONVERSION = YES;
				CLANG_WARN_OBJC_ROOT_CLASS = YES_ERROR;
				CLANG_WARN_RANGE_LOOP_ANALYSIS = YES;
				CLANG_WARN_STRICT_PROTOTYPES = YES;
				CLANG_WARN_SUSPICIOUS_MOVE = YES;
				CLANG_WARN_UNGUARDED_AVAILABILITY = YES_AGGRESSIVE;
				CLANG_WARN_UNREACHABLE_CODE = YES;
				CLANG_WARN__DUPLICATE_METHOD_MATCH = YES;
				COPY_PHASE_STRIP = NO;
				CURRENT_PROJECT_VERSION = 1;
				DEBUG_INFORMATION_FORMAT = dwarf;
				ENABLE_STRICT_OBJC_MSGSEND = YES;
				ENABLE_TESTABILITY = YES;
				GCC_C_LANGUAGE_STANDARD = gnu11;
				GCC_DYNAMIC_NO_PIC = NO;
				GCC_NO_COMMON_BLOCKS = YES;
				GCC_OPTIMIZATION_LEVEL = 0;
				GCC_PREPROCESSOR_DEFINITIONS = (
					"DEBUG=1",
					"$(inherited)",
				);
				GCC_TREAT_WARNINGS_AS_ERRORS = YES;
				GCC_WARN_64_TO_32_BIT_CONVERSION = YES;
				GCC_WARN_ABOUT_RETURN_TYPE = YES_ERROR;
				GCC_WARN_UNDECLARED_SELECTOR = YES;
				GCC_WARN_UNINITIALIZED_AUTOS = YES_AGGRESSIVE;
				GCC_WARN_UNUSED_FUNCTION = YES;
				GCC_WARN_UNUSED_VARIABLE = YES;
				MACOSX_DEPLOYMENT_TARGET = 10.15;
				MTL_ENABLE_DEBUG_INFO = INCLUDE_SOURCE;
				MTL_FAST_MATH = YES;
				ONLY_ACTIVE_ARCH = YES;
				SDKROOT = macosx;
				SWIFT_ACTIVE_COMPILATION_CONDITIONS = DEBUG;
				SWIFT_INSTALL_OBJC_HEADER = NO;
				SWIFT_OPTIMIZATION_LEVEL = "-Onone";
				SWIFT_TREAT_WARNINGS_AS_ERRORS = YES;
				VERSIONING_SYSTEM = "apple-generic";
				VERSION_INFO_PREFIX = "";
			};
			name = Debug;
		};
		A370A04122DFE7820097FFAD /* Release */ = {
			isa = XCBuildConfiguration;
			buildSettings = {
				ALWAYS_SEARCH_USER_PATHS = NO;
				CLANG_ANALYZER_NONNULL = YES;
				CLANG_ANALYZER_NUMBER_OBJECT_CONVERSION = YES_AGGRESSIVE;
				CLANG_CXX_LANGUAGE_STANDARD = "gnu++14";
				CLANG_CXX_LIBRARY = "libc++";
				CLANG_ENABLE_OBJC_ARC = YES;
				CLANG_ENABLE_OBJC_WEAK = YES;
				CLANG_WARN_BLOCK_CAPTURE_AUTORELEASING = YES;
				CLANG_WARN_BOOL_CONVERSION = YES;
				CLANG_WARN_COMMA = YES;
				CLANG_WARN_CONSTANT_CONVERSION = YES;
				CLANG_WARN_DEPRECATED_OBJC_IMPLEMENTATIONS = YES;
				CLANG_WARN_DIRECT_OBJC_ISA_USAGE = YES_ERROR;
				CLANG_WARN_DOCUMENTATION_COMMENTS = YES;
				CLANG_WARN_EMPTY_BODY = YES;
				CLANG_WARN_ENUM_CONVERSION = YES;
				CLANG_WARN_INFINITE_RECURSION = YES;
				CLANG_WARN_INT_CONVERSION = YES;
				CLANG_WARN_NON_LITERAL_NULL_CONVERSION = YES;
				CLANG_WARN_OBJC_IMPLICIT_RETAIN_SELF = YES;
				CLANG_WARN_OBJC_LITERAL_CONVERSION = YES;
				CLANG_WARN_OBJC_ROOT_CLASS = YES_ERROR;
				CLANG_WARN_RANGE_LOOP_ANALYSIS = YES;
				CLANG_WARN_STRICT_PROTOTYPES = YES;
				CLANG_WARN_SUSPICIOUS_MOVE = YES;
				CLANG_WARN_UNGUARDED_AVAILABILITY = YES_AGGRESSIVE;
				CLANG_WARN_UNREACHABLE_CODE = YES;
				CLANG_WARN__DUPLICATE_METHOD_MATCH = YES;
				COPY_PHASE_STRIP = NO;
				CURRENT_PROJECT_VERSION = 1;
				DEBUG_INFORMATION_FORMAT = "dwarf-with-dsym";
				ENABLE_NS_ASSERTIONS = NO;
				ENABLE_STRICT_OBJC_MSGSEND = YES;
				GCC_C_LANGUAGE_STANDARD = gnu11;
				GCC_NO_COMMON_BLOCKS = YES;
				GCC_TREAT_WARNINGS_AS_ERRORS = YES;
				GCC_WARN_64_TO_32_BIT_CONVERSION = YES;
				GCC_WARN_ABOUT_RETURN_TYPE = YES_ERROR;
				GCC_WARN_UNDECLARED_SELECTOR = YES;
				GCC_WARN_UNINITIALIZED_AUTOS = YES_AGGRESSIVE;
				GCC_WARN_UNUSED_FUNCTION = YES;
				GCC_WARN_UNUSED_VARIABLE = YES;
				MACOSX_DEPLOYMENT_TARGET = 10.15;
				MTL_ENABLE_DEBUG_INFO = NO;
				MTL_FAST_MATH = YES;
				SDKROOT = macosx;
				SWIFT_COMPILATION_MODE = wholemodule;
				SWIFT_INSTALL_OBJC_HEADER = NO;
				SWIFT_OPTIMIZATION_LEVEL = "-O";
				SWIFT_TREAT_WARNINGS_AS_ERRORS = YES;
				VERSIONING_SYSTEM = "apple-generic";
				VERSION_INFO_PREFIX = "";
			};
			name = Release;
		};
		A370A04322DFE7820097FFAD /* Debug */ = {
			isa = XCBuildConfiguration;
			buildSettings = {
				CODE_SIGN_STYLE = Automatic;
				COMBINE_HIDPI_IMAGES = YES;
				DEFINES_MODULE = NO;
				DEVELOPMENT_TEAM = 26V9MK8TGP;
				DYLIB_COMPATIBILITY_VERSION = 1;
				DYLIB_CURRENT_VERSION = 1;
				DYLIB_INSTALL_NAME_BASE = "@rpath";
				INFOPLIST_FILE = JanitorKit/Info.plist;
				INSTALL_PATH = "$(LOCAL_LIBRARY_DIR)/Frameworks";
				LD_RUNPATH_SEARCH_PATHS = (
					"$(inherited)",
					"@executable_path/../Frameworks",
					"@loader_path/Frameworks",
				);
				PRODUCT_BUNDLE_IDENTIFIER = me.benleggiero.JanitorKit;
				PRODUCT_NAME = "$(TARGET_NAME:c99extidentifier)";
				SKIP_INSTALL = YES;
				SWIFT_OPTIMIZATION_LEVEL = "-Onone";
				SWIFT_VERSION = 5.0;
			};
			name = Debug;
		};
		A370A04422DFE7820097FFAD /* Release */ = {
			isa = XCBuildConfiguration;
			buildSettings = {
				CODE_SIGN_STYLE = Automatic;
				COMBINE_HIDPI_IMAGES = YES;
				DEFINES_MODULE = NO;
				DEVELOPMENT_TEAM = 26V9MK8TGP;
				DYLIB_COMPATIBILITY_VERSION = 1;
				DYLIB_CURRENT_VERSION = 1;
				DYLIB_INSTALL_NAME_BASE = "@rpath";
				INFOPLIST_FILE = JanitorKit/Info.plist;
				INSTALL_PATH = "$(LOCAL_LIBRARY_DIR)/Frameworks";
				LD_RUNPATH_SEARCH_PATHS = (
					"$(inherited)",
					"@executable_path/../Frameworks",
					"@loader_path/Frameworks",
				);
				PRODUCT_BUNDLE_IDENTIFIER = me.benleggiero.JanitorKit;
				PRODUCT_NAME = "$(TARGET_NAME:c99extidentifier)";
				SKIP_INSTALL = YES;
				SWIFT_VERSION = 5.0;
			};
			name = Release;
		};
		A370A04622DFE7820097FFAD /* Debug */ = {
			isa = XCBuildConfiguration;
			buildSettings = {
				ALWAYS_EMBED_SWIFT_STANDARD_LIBRARIES = YES;
				CODE_SIGN_STYLE = Automatic;
				COMBINE_HIDPI_IMAGES = YES;
				DEVELOPMENT_TEAM = 26V9MK8TGP;
				INFOPLIST_FILE = JanitorKitTests/Info.plist;
				LD_RUNPATH_SEARCH_PATHS = (
					"$(inherited)",
					"@executable_path/../Frameworks",
					"@loader_path/../Frameworks",
				);
				PRODUCT_BUNDLE_IDENTIFIER = me.benleggiero.JanitorKitTests;
				PRODUCT_NAME = "$(TARGET_NAME)";
				SWIFT_VERSION = 5.0;
			};
			name = Debug;
		};
		A370A04722DFE7820097FFAD /* Release */ = {
			isa = XCBuildConfiguration;
			buildSettings = {
				ALWAYS_EMBED_SWIFT_STANDARD_LIBRARIES = YES;
				CODE_SIGN_STYLE = Automatic;
				COMBINE_HIDPI_IMAGES = YES;
				DEVELOPMENT_TEAM = 26V9MK8TGP;
				INFOPLIST_FILE = JanitorKitTests/Info.plist;
				LD_RUNPATH_SEARCH_PATHS = (
					"$(inherited)",
					"@executable_path/../Frameworks",
					"@loader_path/../Frameworks",
				);
				PRODUCT_BUNDLE_IDENTIFIER = me.benleggiero.JanitorKitTests;
				PRODUCT_NAME = "$(TARGET_NAME)";
				SWIFT_VERSION = 5.0;
			};
			name = Release;
		};
/* End XCBuildConfiguration section */

/* Begin XCConfigurationList section */
		A370A02822DFE7820097FFAD /* Build configuration list for PBXProject "JanitorKit" */ = {
			isa = XCConfigurationList;
			buildConfigurations = (
				A370A04022DFE7820097FFAD /* Debug */,
				A370A04122DFE7820097FFAD /* Release */,
			);
			defaultConfigurationIsVisible = 0;
			defaultConfigurationName = Release;
		};
		A370A04222DFE7820097FFAD /* Build configuration list for PBXNativeTarget "JanitorKit" */ = {
			isa = XCConfigurationList;
			buildConfigurations = (
				A370A04322DFE7820097FFAD /* Debug */,
				A370A04422DFE7820097FFAD /* Release */,
			);
			defaultConfigurationIsVisible = 0;
			defaultConfigurationName = Release;
		};
		A370A04522DFE7820097FFAD /* Build configuration list for PBXNativeTarget "JanitorKitTests" */ = {
			isa = XCConfigurationList;
			buildConfigurations = (
				A370A04622DFE7820097FFAD /* Debug */,
				A370A04722DFE7820097FFAD /* Release */,
			);
			defaultConfigurationIsVisible = 0;
			defaultConfigurationName = Release;
		};
/* End XCConfigurationList section */
	};
	rootObject = A370A02522DFE7820097FFAD /* Project object */;
}
